
Microsoft Visual Studio Solution File, Format Version 12.00
# Visual Studio Version 17
VisualStudioVersion = 17.8.34330.188
MinimumVisualStudioVersion = 10.0.40219.1
Project("{FAE04EC0-301F-11D3-BF4B-00C04F79EFBC}") = "WebAPI", "WebAPI\WebAPI.csproj", "{F6B67FAA-753A-413F-904B-8EC5336591B6}"
EndProject
Project("{FAE04EC0-301F-11D3-BF4B-00C04F79EFBC}") = "WebAPI.Data", "WebAPI.Data\WebAPI.Data.csproj", "{FCAE7E40-938A-43A8-ABBD-C686D226B310}"
EndProject
Global
	GlobalSection(SolutionConfigurationPlatforms) = preSolution
		Debug|Any CPU = Debug|Any CPU
		Release|Any CPU = Release|Any CPU
	EndGlobalSection
	GlobalSection(ProjectConfigurationPlatforms) = postSolution
		{F6B67FAA-753A-413F-904B-8EC5336591B6}.Debug|Any CPU.ActiveCfg = Debug|Any CPU
		{F6B67FAA-753A-413F-904B-8EC5336591B6}.Debug|Any CPU.Build.0 = Debug|Any CPU
		{F6B67FAA-753A-413F-904B-8EC5336591B6}.Release|Any CPU.ActiveCfg = Release|Any CPU
		{F6B67FAA-753A-413F-904B-8EC5336591B6}.Release|Any CPU.Build.0 = Release|Any CPU
		{FCAE7E40-938A-43A8-ABBD-C686D226B310}.Debug|Any CPU.ActiveCfg = Debug|Any CPU
		{FCAE7E40-938A-43A8-ABBD-C686D226B310}.Debug|Any CPU.Build.0 = Debug|Any CPU
		{FCAE7E40-938A-43A8-ABBD-C686D226B310}.Release|Any CPU.ActiveCfg = Release|Any CPU
		{FCAE7E40-938A-43A8-ABBD-C686D226B310}.Release|Any CPU.Build.0 = Release|Any CPU
	EndGlobalSection
	GlobalSection(SolutionProperties) = preSolution
		HideSolutionNode = FALSE
	EndGlobalSection
	GlobalSection(ExtensibilityGlobals) = postSolution
		SolutionGuid = {B9161A36-B56D-4021-B538-BE4FACFE9FB0}
	EndGlobalSection
EndGlobal
